
Microsoft Visual Studio Solution File, Format Version 12.00
# Visual Studio Version 17
VisualStudioVersion = 17.5.33502.453
MinimumVisualStudioVersion = 10.0.40219.1
Project("{FAE04EC0-301F-11D3-BF4B-00C04F79EFBC}") = "StockManagement", "StockManagement.csproj", "{32B0746F-2C4F-47BF-871F-FECF76438812}"
EndProject
Global
	GlobalSection(SolutionConfigurationPlatforms) = preSolution
		Debug|Any CPU = Debug|Any CPU
		Release|Any CPU = Release|Any CPU
	EndGlobalSection
	GlobalSection(ProjectConfigurationPlatforms) = postSolution
		{32B0746F-2C4F-47BF-871F-FECF76438812}.Debug|Any CPU.ActiveCfg = Debug|Any CPU
		{32B0746F-2C4F-47BF-871F-FECF76438812}.Debug|Any CPU.Build.0 = Debug|Any CPU
		{32B0746F-2C4F-47BF-871F-FECF76438812}.Release|Any CPU.ActiveCfg = Release|Any CPU
		{32B0746F-2C4F-47BF-871F-FECF76438812}.Release|Any CPU.Build.0 = Release|Any CPU
	EndGlobalSection
	GlobalSection(SolutionProperties) = preSolution
		HideSolutionNode = FALSE
	EndGlobalSection
	GlobalSection(ExtensibilityGlobals) = postSolution
		SolutionGuid = {499D807D-B0F7-4C00-8400-09188DF1FA41}
	EndGlobalSection
EndGlobal
